
Microsoft Visual Studio Solution File, Format Version 12.00
# Visual Studio Version 16
VisualStudioVersion = 16.0.30114.105
MinimumVisualStudioVersion = 10.0.40219.1
Project("{FAE04EC0-301F-11D3-BF4B-00C04F79EFBC}") = "WorkerNode", "WorkerNode\WorkerNode.csproj", "{C114694D-3B2B-44D9-A4DF-225D8ED0C057}"
EndProject
Global
	GlobalSection(SolutionConfigurationPlatforms) = preSolution
		Debug|Any CPU = Debug|Any CPU
		Debug|x64 = Debug|x64
		Debug|x86 = Debug|x86
		Release|Any CPU = Release|Any CPU
		Release|x64 = Release|x64
		Release|x86 = Release|x86
	EndGlobalSection
	GlobalSection(SolutionProperties) = preSolution
		HideSolutionNode = FALSE
	EndGlobalSection
	GlobalSection(ProjectConfigurationPlatforms) = postSolution
		{C114694D-3B2B-44D9-A4DF-225D8ED0C057}.Debug|Any CPU.ActiveCfg = Debug|Any CPU
		{C114694D-3B2B-44D9-A4DF-225D8ED0C057}.Debug|Any CPU.Build.0 = Debug|Any CPU
		{C114694D-3B2B-44D9-A4DF-225D8ED0C057}.Debug|x64.ActiveCfg = Debug|Any CPU
		{C114694D-3B2B-44D9-A4DF-225D8ED0C057}.Debug|x64.Build.0 = Debug|Any CPU
		{C114694D-3B2B-44D9-A4DF-225D8ED0C057}.Debug|x86.ActiveCfg = Debug|Any CPU
		{C114694D-3B2B-44D9-A4DF-225D8ED0C057}.Debug|x86.Build.0 = Debug|Any CPU
		{C114694D-3B2B-44D9-A4DF-225D8ED0C057}.Release|Any CPU.ActiveCfg = Release|Any CPU
		{C114694D-3B2B-44D9-A4DF-225D8ED0C057}.Release|Any CPU.Build.0 = Release|Any CPU
		{C114694D-3B2B-44D9-A4DF-225D8ED0C057}.Release|x64.ActiveCfg = Release|Any CPU
		{C114694D-3B2B-44D9-A4DF-225D8ED0C057}.Release|x64.Build.0 = Release|Any CPU
		{C114694D-3B2B-44D9-A4DF-225D8ED0C057}.Release|x86.ActiveCfg = Release|Any CPU
		{C114694D-3B2B-44D9-A4DF-225D8ED0C057}.Release|x86.Build.0 = Release|Any CPU
	EndGlobalSection
EndGlobal
